
Microsoft Visual Studio Solution File, Format Version 11.00
# Visual Studio 2010
Project("{FAE04EC0-301F-11D3-BF4B-00C04F79EFBC}") = "File_Images", "File_Images\File_Images.csproj", "{57526888-70EA-4CA0-BBB3-69338FE5DD8B}"
EndProject
Global
	GlobalSection(SolutionConfigurationPlatforms) = preSolution
		Debug|x86 = Debug|x86
		Release|x86 = Release|x86
	EndGlobalSection
	GlobalSection(ProjectConfigurationPlatforms) = postSolution
		{57526888-70EA-4CA0-BBB3-69338FE5DD8B}.Debug|x86.ActiveCfg = Debug|x86
		{57526888-70EA-4CA0-BBB3-69338FE5DD8B}.Debug|x86.Build.0 = Debug|x86
		{57526888-70EA-4CA0-BBB3-69338FE5DD8B}.Release|x86.ActiveCfg = Release|x86
		{57526888-70EA-4CA0-BBB3-69338FE5DD8B}.Release|x86.Build.0 = Release|x86
	EndGlobalSection
	GlobalSection(SolutionProperties) = preSolution
		HideSolutionNode = FALSE
	EndGlobalSection
EndGlobal
